{
  "name": "suji-node-backend",
  "version": "0.1.0",
  "lockfileVersion": 3,
  "requires": true,
  "packages": {
    "": {
      "name": "suji-node-backend",
      "version": "0.1.0",
      "dependencies": {
        "@suji/node": "../../../../packages/suji-node"
      }
    },
    "../../../../packages/suji-node": {
      "name": "@suji/node",
      "version": "0.1.0",
      "license": "MIT",
      "devDependencies": {
        "typescript": "^5.0.0"
      }
    },
    "node_modules/@suji/node": {
      "resolved": "../../../../packages/suji-node",
      "link": true
    }
  }
}
